
Microsoft Visual Studio Solution File, Format Version 12.00
# Visual Studio Version 17
VisualStudioVersion = 17.7.34031.279
MinimumVisualStudioVersion = 10.0.40219.1
Project("{FAE04EC0-301F-11D3-BF4B-00C04F79EFBC}") = "SnakeJuegoWPF", "SnakeJuegoWPF\SnakeJuegoWPF.csproj", "{063EA444-F2C2-4A46-B87D-0E8D02EDD2D4}"
EndProject
Global
	GlobalSection(SolutionConfigurationPlatforms) = preSolution
		Debug|Any CPU = Debug|Any CPU
		Release|Any CPU = Release|Any CPU
	EndGlobalSection
	GlobalSection(ProjectConfigurationPlatforms) = postSolution
		{063EA444-F2C2-4A46-B87D-0E8D02EDD2D4}.Debug|Any CPU.ActiveCfg = Debug|Any CPU
		{063EA444-F2C2-4A46-B87D-0E8D02EDD2D4}.Debug|Any CPU.Build.0 = Debug|Any CPU
		{063EA444-F2C2-4A46-B87D-0E8D02EDD2D4}.Release|Any CPU.ActiveCfg = Release|Any CPU
		{063EA444-F2C2-4A46-B87D-0E8D02EDD2D4}.Release|Any CPU.Build.0 = Release|Any CPU
	EndGlobalSection
	GlobalSection(SolutionProperties) = preSolution
		HideSolutionNode = FALSE
	EndGlobalSection
	GlobalSection(ExtensibilityGlobals) = postSolution
		SolutionGuid = {A5B674D3-913D-40C2-98D0-EF3756D97B4A}
	EndGlobalSection
EndGlobal
